
Microsoft Visual Studio Solution File, Format Version 12.00
# Visual Studio Version 17
VisualStudioVersion = 17.6.33815.320
MinimumVisualStudioVersion = 10.0.40219.1
Project("{FAE04EC0-301F-11D3-BF4B-00C04F79EFBC}") = "MyNewCiniesOction", "MyNewCiniesOction\MyNewCiniesOction.csproj", "{059642D9-007B-43A9-B6AE-85EE4DB3E70C}"
EndProject
Global
	GlobalSection(SolutionConfigurationPlatforms) = preSolution
		Debug|Any CPU = Debug|Any CPU
		Release|Any CPU = Release|Any CPU
	EndGlobalSection
	GlobalSection(ProjectConfigurationPlatforms) = postSolution
		{059642D9-007B-43A9-B6AE-85EE4DB3E70C}.Debug|Any CPU.ActiveCfg = Debug|Any CPU
		{059642D9-007B-43A9-B6AE-85EE4DB3E70C}.Debug|Any CPU.Build.0 = Debug|Any CPU
		{059642D9-007B-43A9-B6AE-85EE4DB3E70C}.Release|Any CPU.ActiveCfg = Release|Any CPU
		{059642D9-007B-43A9-B6AE-85EE4DB3E70C}.Release|Any CPU.Build.0 = Release|Any CPU
	EndGlobalSection
	GlobalSection(SolutionProperties) = preSolution
		HideSolutionNode = FALSE
	EndGlobalSection
	GlobalSection(ExtensibilityGlobals) = postSolution
		SolutionGuid = {C76558CD-C1D6-4D7F-AC7C-18AD1C65C5EA}
	EndGlobalSection
EndGlobal
